
Microsoft Visual Studio Solution File, Format Version 12.00
# Visual Studio Version 17
VisualStudioVersion = 17.4.33205.214
MinimumVisualStudioVersion = 10.0.40219.1
Project("{9A19103F-16F7-4668-BE54-9A1E7A4F7556}") = "Proyecto2023_GP", "Proyecto2023_GP\Proyecto2023_GP.csproj", "{03415234-3C84-46B4-9A5B-863E2979AB63}"
EndProject
Global
	GlobalSection(SolutionConfigurationPlatforms) = preSolution
		Debug|Any CPU = Debug|Any CPU
		Release|Any CPU = Release|Any CPU
	EndGlobalSection
	GlobalSection(ProjectConfigurationPlatforms) = postSolution
		{03415234-3C84-46B4-9A5B-863E2979AB63}.Debug|Any CPU.ActiveCfg = Debug|Any CPU
		{03415234-3C84-46B4-9A5B-863E2979AB63}.Debug|Any CPU.Build.0 = Debug|Any CPU
		{03415234-3C84-46B4-9A5B-863E2979AB63}.Release|Any CPU.ActiveCfg = Release|Any CPU
		{03415234-3C84-46B4-9A5B-863E2979AB63}.Release|Any CPU.Build.0 = Release|Any CPU
	EndGlobalSection
	GlobalSection(SolutionProperties) = preSolution
		HideSolutionNode = FALSE
	EndGlobalSection
	GlobalSection(ExtensibilityGlobals) = postSolution
		SolutionGuid = {C88D311C-8106-4135-B3FE-841A79026CB9}
	EndGlobalSection
EndGlobal
